
Microsoft Visual Studio Solution File, Format Version 12.00
Project("{FAE04EC0-301F-11D3-BF4B-00C04F79EFBC}") = "Impetus", "Impetus.csproj", "{9896970D-9845-4D56-89A1-9114B8361761}"
EndProject
Global
	GlobalSection(SolutionConfigurationPlatforms) = preSolution
		Debug|Any CPU = Debug|Any CPU
		Release|Any CPU = Release|Any CPU
	EndGlobalSection
	GlobalSection(ProjectConfigurationPlatforms) = postSolution
		{9896970D-9845-4D56-89A1-9114B8361761}.Debug|Any CPU.ActiveCfg = Debug|Any CPU
		{9896970D-9845-4D56-89A1-9114B8361761}.Debug|Any CPU.Build.0 = Debug|Any CPU
		{9896970D-9845-4D56-89A1-9114B8361761}.Release|Any CPU.ActiveCfg = Release|Any CPU
		{9896970D-9845-4D56-89A1-9114B8361761}.Release|Any CPU.Build.0 = Release|Any CPU
	EndGlobalSection
EndGlobal
